// !$*UTF8*$!
{
	archiveVersion = 1;
	classes = {
	};
	objectVersion = 50;
	objects = {

/* Begin PBXBuildFile section */
		55FC454223B9321B007266CB /* AppDelegate.swift in Sources */ = {isa = PBXBuildFile; fileRef = 55FC454123B9321B007266CB /* AppDelegate.swift */; };
		55FC454423B9321B007266CB /* SceneDelegate.swift in Sources */ = {isa = PBXBuildFile; fileRef = 55FC454323B9321B007266CB /* SceneDelegate.swift */; };
		55FC454623B9321B007266CB /* ModalSampleView.swift in Sources */ = {isa = PBXBuildFile; fileRef = 55FC454523B9321B007266CB /* ModalSampleView.swift */; };
		55FC454823B93228007266CB /* Assets.xcassets in Resources */ = {isa = PBXBuildFile; fileRef = 55FC454723B93228007266CB /* Assets.xcassets */; };
		55FC454B23B93228007266CB /* Preview Assets.xcassets in Resources */ = {isa = PBXBuildFile; fileRef = 55FC454A23B93228007266CB /* Preview Assets.xcassets */; };
		55FC454E23B93228007266CB /* LaunchScreen.storyboard in Resources */ = {isa = PBXBuildFile; fileRef = 55FC454C23B93228007266CB /* LaunchScreen.storyboard */; };
		55FC455923B93229007266CB /* SwiftSampleTests.swift in Sources */ = {isa = PBXBuildFile; fileRef = 55FC455823B93229007266CB /* SwiftSampleTests.swift */; };
		55FC456423B93229007266CB /* SwiftSampleUITests.swift in Sources */ = {isa = PBXBuildFile; fileRef = 55FC456323B93229007266CB /* SwiftSampleUITests.swift */; };
/* End PBXBuildFile section */

/* Begin PBXContainerItemProxy section */
		55FC455523B93229007266CB /* PBXContainerItemProxy */ = {
			isa = PBXContainerItemProxy;
			containerPortal = 55FC453623B9321B007266CB /* Project object */;
			proxyType = 1;
			remoteGlobalIDString = 55FC453D23B9321B007266CB;
			remoteInfo = SwiftSample;
		};
		55FC456023B93229007266CB /* PBXContainerItemProxy */ = {
			isa = PBXContainerItemProxy;
			containerPortal = 55FC453623B9321B007266CB /* Project object */;
			proxyType = 1;
			remoteGlobalIDString = 55FC453D23B9321B007266CB;
			remoteInfo = SwiftSample;
		};
/* End PBXContainerItemProxy section */

/* Begin PBXFileReference section */
		55FC453E23B9321B007266CB /* SwiftSample.app */ = {isa = PBXFileReference; explicitFileType = wrapper.application; includeInIndex = 0; path = SwiftSample.app; sourceTree = BUILT_PRODUCTS_DIR; };
		55FC454123B9321B007266CB /* AppDelegate.swift */ = {isa = PBXFileReference; lastKnownFileType = sourcecode.swift; path = AppDelegate.swift; sourceTree = "<group>"; };
		55FC454323B9321B007266CB /* SceneDelegate.swift */ = {isa = PBXFileReference; lastKnownFileType = sourcecode.swift; path = SceneDelegate.swift; sourceTree = "<group>"; };
		55FC454523B9321B007266CB /* ModalSampleView.swift */ = {isa = PBXFileReference; lastKnownFileType = sourcecode.swift; path = ModalSampleView.swift; sourceTree = "<group>"; };
		55FC454723B93228007266CB /* Assets.xcassets */ = {isa = PBXFileReference; lastKnownFileType = folder.assetcatalog; path = Assets.xcassets; sourceTree = "<group>"; };
		55FC454A23B93228007266CB /* Preview Assets.xcassets */ = {isa = PBXFileReference; lastKnownFileType = folder.assetcatalog; path = "Preview Assets.xcassets"; sourceTree = "<group>"; };
		55FC454D23B93228007266CB /* Base */ = {isa = PBXFileReference; lastKnownFileType = file.storyboard; name = Base; path = Base.lproj/LaunchScreen.storyboard; sourceTree = "<group>"; };
		55FC454F23B93228007266CB /* Info.plist */ = {isa = PBXFileReference; lastKnownFileType = text.plist.xml; path = Info.plist; sourceTree = "<group>"; };
		55FC455423B93229007266CB /* SwiftSampleTests.xctest */ = {isa = PBXFileReference; explicitFileType = wrapper.cfbundle; includeInIndex = 0; path = SwiftSampleTests.xctest; sourceTree = BUILT_PRODUCTS_DIR; };
		55FC455823B93229007266CB /* SwiftSampleTests.swift */ = {isa = PBXFileReference; lastKnownFileType = sourcecode.swift; path = SwiftSampleTests.swift; sourceTree = "<group>"; };
		55FC455A23B93229007266CB /* Info.plist */ = {isa = PBXFileReference; lastKnownFileType = text.plist.xml; path = Info.plist; sourceTree = "<group>"; };
		55FC455F23B93229007266CB /* SwiftSampleUITests.xctest */ = {isa = PBXFileReference; explicitFileType = wrapper.cfbundle; includeInIndex = 0; path = SwiftSampleUITests.xctest; sourceTree = BUILT_PRODUCTS_DIR; };
		55FC456323B93229007266CB /* SwiftSampleUITests.swift */ = {isa = PBXFileReference; lastKnownFileType = sourcecode.swift; path = SwiftSampleUITests.swift; sourceTree = "<group>"; };
		55FC456523B93229007266CB /* Info.plist */ = {isa = PBXFileReference; lastKnownFileType = text.plist.xml; path = Info.plist; sourceTree = "<group>"; };
/* End PBXFileReference section */

/* Begin PBXFrameworksBuildPhase section */
		55FC453B23B9321B007266CB /* Frameworks */ = {
			isa = PBXFrameworksBuildPhase;
			buildActionMask = 2147483647;
			files = (
			);
			runOnlyForDeploymentPostprocessing = 0;
		};
		55FC455123B93229007266CB /* Frameworks */ = {
			isa = PBXFrameworksBuildPhase;
			buildActionMask = 2147483647;
			files = (
			);
			runOnlyForDeploymentPostprocessing = 0;
		};
		55FC455C23B93229007266CB /* Frameworks */ = {
			isa = PBXFrameworksBuildPhase;
			buildActionMask = 2147483647;
			files = (
			);
			runOnlyForDeploymentPostprocessing = 0;
		};
/* End PBXFrameworksBuildPhase section */

/* Begin PBXGroup section */
		55FC453523B9321B007266CB = {
			isa = PBXGroup;
			children = (
				55FC454023B9321B007266CB /* SwiftSample */,
				55FC455723B93229007266CB /* SwiftSampleTests */,
				55FC456223B93229007266CB /* SwiftSampleUITests */,
				55FC453F23B9321B007266CB /* Products */,
			);
			sourceTree = "<group>";
		};
		55FC453F23B9321B007266CB /* Products */ = {
			isa = PBXGroup;
			children = (
				55FC453E23B9321B007266CB /* SwiftSample.app */,
				55FC455423B93229007266CB /* SwiftSampleTests.xctest */,
				55FC455F23B93229007266CB /* SwiftSampleUITests.xctest */,
			);
			name = Products;
			sourceTree = "<group>";
		};
		55FC454023B9321B007266CB /* SwiftSample */ = {
			isa = PBXGroup;
			children = (
				55FC454123B9321B007266CB /* AppDelegate.swift */,
				55FC454323B9321B007266CB /* SceneDelegate.swift */,
				55FC454523B9321B007266CB /* ModalSampleView.swift */,
				55FC454723B93228007266CB /* Assets.xcassets */,
				55FC454C23B93228007266CB /* LaunchScreen.storyboard */,
				55FC454F23B93228007266CB /* Info.plist */,
				55FC454923B93228007266CB /* Preview Content */,
			);
			path = SwiftSample;
			sourceTree = "<group>";
		};
		55FC454923B93228007266CB /* Preview Content */ = {
			isa = PBXGroup;
			children = (
				55FC454A23B93228007266CB /* Preview Assets.xcassets */,
			);
			path = "Preview Content";
			sourceTree = "<group>";
		};
		55FC455723B93229007266CB /* SwiftSampleTests */ = {
			isa = PBXGroup;
			children = (
				55FC455823B93229007266CB /* SwiftSampleTests.swift */,
				55FC455A23B93229007266CB /* Info.plist */,
			);
			path = SwiftSampleTests;
			sourceTree = "<group>";
		};
		55FC456223B93229007266CB /* SwiftSampleUITests */ = {
			isa = PBXGroup;
			children = (
				55FC456323B93229007266CB /* SwiftSampleUITests.swift */,
				55FC456523B93229007266CB /* Info.plist */,
			);
			path = SwiftSampleUITests;
			sourceTree = "<group>";
		};
/* End PBXGroup section */

/* Begin PBXNativeTarget section */
		55FC453D23B9321B007266CB /* SwiftSample */ = {
			isa = PBXNativeTarget;
			buildConfigurationList = 55FC456823B93229007266CB /* Build configuration list for PBXNativeTarget "SwiftSample" */;
			buildPhases = (
				55FC453A23B9321B007266CB /* Sources */,
				55FC453B23B9321B007266CB /* Frameworks */,
				55FC453C23B9321B007266CB /* Resources */,
			);
			buildRules = (
			);
			dependencies = (
			);
			name = SwiftSample;
			productName = SwiftSample;
			productReference = 55FC453E23B9321B007266CB /* SwiftSample.app */;
			productType = "com.apple.product-type.application";
		};
		55FC455323B93229007266CB /* SwiftSampleTests */ = {
			isa = PBXNativeTarget;
			buildConfigurationList = 55FC456B23B93229007266CB /* Build configuration list for PBXNativeTarget "SwiftSampleTests" */;
			buildPhases = (
				55FC455023B93229007266CB /* Sources */,
				55FC455123B93229007266CB /* Frameworks */,
				55FC455223B93229007266CB /* Resources */,
			);
			buildRules = (
			);
			dependencies = (
				55FC455623B93229007266CB /* PBXTargetDependency */,
			);
			name = SwiftSampleTests;
			productName = SwiftSampleTests;
			productReference = 55FC455423B93229007266CB /* SwiftSampleTests.xctest */;
			productType = "com.apple.product-type.bundle.unit-test";
		};
		55FC455E23B93229007266CB /* SwiftSampleUITests */ = {
			isa = PBXNativeTarget;
			buildConfigurationList = 55FC456E23B93229007266CB /* Build configuration list for PBXNativeTarget "SwiftSampleUITests" */;
			buildPhases = (
				55FC455B23B93229007266CB /* Sources */,
				55FC455C23B93229007266CB /* Frameworks */,
				55FC455D23B93229007266CB /* Resources */,
			);
			buildRules = (
			);
			dependencies = (
				55FC456123B93229007266CB /* PBXTargetDependency */,
			);
			name = SwiftSampleUITests;
			productName = SwiftSampleUITests;
			productReference = 55FC455F23B93229007266CB /* SwiftSampleUITests.xctest */;
			productType = "com.apple.product-type.bundle.ui-testing";
		};
/* End PBXNativeTarget section */

/* Begin PBXProject section */
		55FC453623B9321B007266CB /* Project object */ = {
			isa = PBXProject;
			attributes = {
				LastSwiftUpdateCheck = 1130;
				LastUpgradeCheck = 1130;
				ORGANIZATIONNAME = yoshikyoto;
				TargetAttributes = {
					55FC453D23B9321B007266CB = {
						CreatedOnToolsVersion = 11.3;
					};
					55FC455323B93229007266CB = {
						CreatedOnToolsVersion = 11.3;
						TestTargetID = 55FC453D23B9321B007266CB;
					};
					55FC455E23B93229007266CB = {
						CreatedOnToolsVersion = 11.3;
						TestTargetID = 55FC453D23B9321B007266CB;
					};
				};
			};
			buildConfigurationList = 55FC453923B9321B007266CB /* Build configuration list for PBXProject "SwiftSample" */;
			compatibilityVersion = "Xcode 9.3";
			developmentRegion = en;
			hasScannedForEncodings = 0;
			knownRegions = (
				en,
				Base,
			);
			mainGroup = 55FC453523B9321B007266CB;
			productRefGroup = 55FC453F23B9321B007266CB /* Products */;
			projectDirPath = "";
			projectRoot = "";
			targets = (
				55FC453D23B9321B007266CB /* SwiftSample */,
				55FC455323B93229007266CB /* SwiftSampleTests */,
				55FC455E23B93229007266CB /* SwiftSampleUITests */,
			);
		};
/* End PBXProject section */

/* Begin PBXResourcesBuildPhase section */
		55FC453C23B9321B007266CB /* Resources */ = {
			isa = PBXResourcesBuildPhase;
			buildActionMask = 2147483647;
			files = (
				55FC454E23B93228007266CB /* LaunchScreen.storyboard in Resources */,
				55FC454B23B93228007266CB /* Preview Assets.xcassets in Resources */,
				55FC454823B93228007266CB /* Assets.xcassets in Resources */,
			);
			runOnlyForDeploymentPostprocessing = 0;
		};
		55FC455223B93229007266CB /* Resources */ = {
			isa = PBXResourcesBuildPhase;
			buildActionMask = 2147483647;
			files = (
			);
			runOnlyForDeploymentPostprocessing = 0;
		};
		55FC455D23B93229007266CB /* Resources */ = {
			isa = PBXResourcesBuildPhase;
			buildActionMask = 2147483647;
			files = (
			);
			runOnlyForDeploymentPostprocessing = 0;
		};
/* End PBXResourcesBuildPhase section */

/* Begin PBXSourcesBuildPhase section */
		55FC453A23B9321B007266CB /* Sources */ = {
			isa = PBXSourcesBuildPhase;
			buildActionMask = 2147483647;
			files = (
				55FC454223B9321B007266CB /* AppDelegate.swift in Sources */,
				55FC454423B9321B007266CB /* SceneDelegate.swift in Sources */,
				55FC454623B9321B007266CB /* ModalSampleView.swift in Sources */,
			);
			runOnlyForDeploymentPostprocessing = 0;
		};
		55FC455023B93229007266CB /* Sources */ = {
			isa = PBXSourcesBuildPhase;
			buildActionMask = 2147483647;
			files = (
				55FC455923B93229007266CB /* SwiftSampleTests.swift in Sources */,
			);
			runOnlyForDeploymentPostprocessing = 0;
		};
		55FC455B23B93229007266CB /* Sources */ = {
			isa = PBXSourcesBuildPhase;
			buildActionMask = 2147483647;
			files = (
				55FC456423B93229007266CB /* SwiftSampleUITests.swift in Sources */,
			);
			runOnlyForDeploymentPostprocessing = 0;
		};
/* End PBXSourcesBuildPhase section */

/* Begin PBXTargetDependency section */
		55FC455623B93229007266CB /* PBXTargetDependency */ = {
			isa = PBXTargetDependency;
			target = 55FC453D23B9321B007266CB /* SwiftSample */;
			targetProxy = 55FC455523B93229007266CB /* PBXContainerItemProxy */;
		};
		55FC456123B93229007266CB /* PBXTargetDependency */ = {
			isa = PBXTargetDependency;
			target = 55FC453D23B9321B007266CB /* SwiftSample */;
			targetProxy = 55FC456023B93229007266CB /* PBXContainerItemProxy */;
		};
/* End PBXTargetDependency section */

/* Begin PBXVariantGroup section */
		55FC454C23B93228007266CB /* LaunchScreen.storyboard */ = {
			isa = PBXVariantGroup;
			children = (
				55FC454D23B93228007266CB /* Base */,
			);
			name = LaunchScreen.storyboard;
			sourceTree = "<group>";
		};
/* End PBXVariantGroup section */

/* Begin XCBuildConfiguration section */
		55FC456623B93229007266CB /* Debug */ = {
			isa = XCBuildConfiguration;
			buildSettings = {
				ALWAYS_SEARCH_USER_PATHS = NO;
				CLANG_ANALYZER_NONNULL = YES;
				CLANG_ANALYZER_NUMBER_OBJECT_CONVERSION = YES_AGGRESSIVE;
				CLANG_CXX_LANGUAGE_STANDARD = "gnu++14";
				CLANG_CXX_LIBRARY = "libc++";
				CLANG_ENABLE_MODULES = YES;
				CLANG_ENABLE_OBJC_ARC = YES;
				CLANG_ENABLE_OBJC_WEAK = YES;
				CLANG_WARN_BLOCK_CAPTURE_AUTORELEASING = YES;
				CLANG_WARN_BOOL_CONVERSION = YES;
				CLANG_WARN_COMMA = YES;
				CLANG_WARN_CONSTANT_CONVERSION = YES;
				CLANG_WARN_DEPRECATED_OBJC_IMPLEMENTATIONS = YES;
				CLANG_WARN_DIRECT_OBJC_ISA_USAGE = YES_ERROR;
				CLANG_WARN_DOCUMENTATION_COMMENTS = YES;
				CLANG_WARN_EMPTY_BODY = YES;
				CLANG_WARN_ENUM_CONVERSION = YES;
				CLANG_WARN_INFINITE_RECURSION = YES;
				CLANG_WARN_INT_CONVERSION = YES;
				CLANG_WARN_NON_LITERAL_NULL_CONVERSION = YES;
				CLANG_WARN_OBJC_IMPLICIT_RETAIN_SELF = YES;
				CLANG_WARN_OBJC_LITERAL_CONVERSION = YES;
				CLANG_WARN_OBJC_ROOT_CLASS = YES_ERROR;
				CLANG_WARN_RANGE_LOOP_ANALYSIS = YES;
				CLANG_WARN_STRICT_PROTOTYPES = YES;
				CLANG_WARN_SUSPICIOUS_MOVE = YES;
				CLANG_WARN_UNGUARDED_AVAILABILITY = YES_AGGRESSIVE;
				CLANG_WARN_UNREACHABLE_CODE = YES;
				CLANG_WARN__DUPLICATE_METHOD_MATCH = YES;
				COPY_PHASE_STRIP = NO;
				DEBUG_INFORMATION_FORMAT = dwarf;
				ENABLE_STRICT_OBJC_MSGSEND = YES;
				ENABLE_TESTABILITY = YES;
				GCC_C_LANGUAGE_STANDARD = gnu11;
				GCC_DYNAMIC_NO_PIC = NO;
				GCC_NO_COMMON_BLOCKS = YES;
				GCC_OPTIMIZATION_LEVEL = 0;
				GCC_PREPROCESSOR_DEFINITIONS = (
					"DEBUG=1",
					"$(inherited)",
				);
				GCC_WARN_64_TO_32_BIT_CONVERSION = YES;
				GCC_WARN_ABOUT_RETURN_TYPE = YES_ERROR;
				GCC_WARN_UNDECLARED_SELECTOR = YES;
				GCC_WARN_UNINITIALIZED_AUTOS = YES_AGGRESSIVE;
				GCC_WARN_UNUSED_FUNCTION = YES;
				GCC_WARN_UNUSED_VARIABLE = YES;
				IPHONEOS_DEPLOYMENT_TARGET = 13.2;
				MTL_ENABLE_DEBUG_INFO = INCLUDE_SOURCE;
				MTL_FAST_MATH = YES;
				ONLY_ACTIVE_ARCH = YES;
				SDKROOT = iphoneos;
				SWIFT_ACTIVE_COMPILATION_CONDITIONS = DEBUG;
				SWIFT_OPTIMIZATION_LEVEL = "-Onone";
			};
			name = Debug;
		};
		55FC456723B93229007266CB /* Release */ = {
			isa = XCBuildConfiguration;
			buildSettings = {
				ALWAYS_SEARCH_USER_PATHS = NO;
				CLANG_ANALYZER_NONNULL = YES;
				CLANG_ANALYZER_NUMBER_OBJECT_CONVERSION = YES_AGGRESSIVE;
				CLANG_CXX_LANGUAGE_STANDARD = "gnu++14";
				CLANG_CXX_LIBRARY = "libc++";
				CLANG_ENABLE_MODULES = YES;
				CLANG_ENABLE_OBJC_ARC = YES;
				CLANG_ENABLE_OBJC_WEAK = YES;
				CLANG_WARN_BLOCK_CAPTURE_AUTORELEASING = YES;
				CLANG_WARN_BOOL_CONVERSION = YES;
				CLANG_WARN_COMMA = YES;
				CLANG_WARN_CONSTANT_CONVERSION = YES;
				CLANG_WARN_DEPRECATED_OBJC_IMPLEMENTATIONS = YES;
				CLANG_WARN_DIRECT_OBJC_ISA_USAGE = YES_ERROR;
				CLANG_WARN_DOCUMENTATION_COMMENTS = YES;
				CLANG_WARN_EMPTY_BODY = YES;
				CLANG_WARN_ENUM_CONVERSION = YES;
				CLANG_WARN_INFINITE_RECURSION = YES;
				CLANG_WARN_INT_CONVERSION = YES;
				CLANG_WARN_NON_LITERAL_NULL_CONVERSION = YES;
				CLANG_WARN_OBJC_IMPLICIT_RETAIN_SELF = YES;
				CLANG_WARN_OBJC_LITERAL_CONVERSION = YES;
				CLANG_WARN_OBJC_ROOT_CLASS = YES_ERROR;
				CLANG_WARN_RANGE_LOOP_ANALYSIS = YES;
				CLANG_WARN_STRICT_PROTOTYPES = YES;
				CLANG_WARN_SUSPICIOUS_MOVE = YES;
				CLANG_WARN_UNGUARDED_AVAILABILITY = YES_AGGRESSIVE;
				CLANG_WARN_UNREACHABLE_CODE = YES;
				CLANG_WARN__DUPLICATE_METHOD_MATCH = YES;
				COPY_PHASE_STRIP = NO;
				DEBUG_INFORMATION_FORMAT = "dwarf-with-dsym";
				ENABLE_NS_ASSERTIONS = NO;
				ENABLE_STRICT_OBJC_MSGSEND = YES;
				GCC_C_LANGUAGE_STANDARD = gnu11;
				GCC_NO_COMMON_BLOCKS = YES;
				GCC_WARN_64_TO_32_BIT_CONVERSION = YES;
				GCC_WARN_ABOUT_RETURN_TYPE = YES_ERROR;
				GCC_WARN_UNDECLARED_SELECTOR = YES;
				GCC_WARN_UNINITIALIZED_AUTOS = YES_AGGRESSIVE;
				GCC_WARN_UNUSED_FUNCTION = YES;
				GCC_WARN_UNUSED_VARIABLE = YES;
				IPHONEOS_DEPLOYMENT_TARGET = 13.2;
				MTL_ENABLE_DEBUG_INFO = NO;
				MTL_FAST_MATH = YES;
				SDKROOT = iphoneos;
				SWIFT_COMPILATION_MODE = wholemodule;
				SWIFT_OPTIMIZATION_LEVEL = "-O";
				VALIDATE_PRODUCT = YES;
			};
			name = Release;
		};
		55FC456923B93229007266CB /* Debug */ = {
			isa = XCBuildConfiguration;
			buildSettings = {
				ASSETCATALOG_COMPILER_APPICON_NAME = AppIcon;
				CODE_SIGN_STYLE = Automatic;
				DEVELOPMENT_ASSET_PATHS = "\"SwiftSample/Preview Content\"";
				DEVELOPMENT_TEAM = 6LQRN8C8LK;
				ENABLE_PREVIEWS = YES;
				INFOPLIST_FILE = SwiftSample/Info.plist;
				LD_RUNPATH_SEARCH_PATHS = (
					"$(inherited)",
					"@executable_path/Frameworks",
				);
				PRODUCT_BUNDLE_IDENTIFIER = yoshikyoto.SwiftSample;
				PRODUCT_NAME = "$(TARGET_NAME)";
				SWIFT_VERSION = 5.0;
				TARGETED_DEVICE_FAMILY = "1,2";
			};
			name = Debug;
		};
		55FC456A23B93229007266CB /* Release */ = {
			isa = XCBuildConfiguration;
			buildSettings = {
				ASSETCATALOG_COMPILER_APPICON_NAME = AppIcon;
				CODE_SIGN_STYLE = Automatic;
				DEVELOPMENT_ASSET_PATHS = "\"SwiftSample/Preview Content\"";
				DEVELOPMENT_TEAM = 6LQRN8C8LK;
				ENABLE_PREVIEWS = YES;
				INFOPLIST_FILE = SwiftSample/Info.plist;
				LD_RUNPATH_SEARCH_PATHS = (
					"$(inherited)",
					"@executable_path/Frameworks",
				);
				PRODUCT_BUNDLE_IDENTIFIER = yoshikyoto.SwiftSample;
				PRODUCT_NAME = "$(TARGET_NAME)";
				SWIFT_VERSION = 5.0;
				TARGETED_DEVICE_FAMILY = "1,2";
			};
			name = Release;
		};
		55FC456C23B93229007266CB /* Debug */ = {
			isa = XCBuildConfiguration;
			buildSettings = {
				ALWAYS_EMBED_SWIFT_STANDARD_LIBRARIES = YES;
				BUNDLE_LOADER = "$(TEST_HOST)";
				CODE_SIGN_STYLE = Automatic;
				DEVELOPMENT_TEAM = 6LQRN8C8LK;
				INFOPLIST_FILE = SwiftSampleTests/Info.plist;
				IPHONEOS_DEPLOYMENT_TARGET = 13.2;
				LD_RUNPATH_SEARCH_PATHS = (
					"$(inherited)",
					"@executable_path/Frameworks",
					"@loader_path/Frameworks",
				);
				PRODUCT_BUNDLE_IDENTIFIER = yoshikyoto.SwiftSampleTests;
				PRODUCT_NAME = "$(TARGET_NAME)";
				SWIFT_VERSION = 5.0;
				TARGETED_DEVICE_FAMILY = "1,2";
				TEST_HOST = "$(BUILT_PRODUCTS_DIR)/SwiftSample.app/SwiftSample";
			};
			name = Debug;
		};
		55FC456D23B93229007266CB /* Release */ = {
			isa = XCBuildConfiguration;
			buildSettings = {
				ALWAYS_EMBED_SWIFT_STANDARD_LIBRARIES = YES;
				BUNDLE_LOADER = "$(TEST_HOST)";
				CODE_SIGN_STYLE = Automatic;
				DEVELOPMENT_TEAM = 6LQRN8C8LK;
				INFOPLIST_FILE = SwiftSampleTests/Info.plist;
				IPHONEOS_DEPLOYMENT_TARGET = 13.2;
				LD_RUNPATH_SEARCH_PATHS = (
					"$(inherited)",
					"@executable_path/Frameworks",
					"@loader_path/Frameworks",
				);
				PRODUCT_BUNDLE_IDENTIFIER = yoshikyoto.SwiftSampleTests;
				PRODUCT_NAME = "$(TARGET_NAME)";
				SWIFT_VERSION = 5.0;
				TARGETED_DEVICE_FAMILY = "1,2";
				TEST_HOST = "$(BUILT_PRODUCTS_DIR)/SwiftSample.app/SwiftSample";
			};
			name = Release;
		};
		55FC456F23B93229007266CB /* Debug */ = {
			isa = XCBuildConfiguration;
			buildSettings = {
				ALWAYS_EMBED_SWIFT_STANDARD_LIBRARIES = YES;
				CODE_SIGN_STYLE = Automatic;
				DEVELOPMENT_TEAM = 6LQRN8C8LK;
				INFOPLIST_FILE = SwiftSampleUITests/Info.plist;
				LD_RUNPATH_SEARCH_PATHS = (
					"$(inherited)",
					"@executable_path/Frameworks",
					"@loader_path/Frameworks",
				);
				PRODUCT_BUNDLE_IDENTIFIER = yoshikyoto.SwiftSampleUITests;
				PRODUCT_NAME = "$(TARGET_NAME)";
				SWIFT_VERSION = 5.0;
				TARGETED_DEVICE_FAMILY = "1,2";
				TEST_TARGET_NAME = SwiftSample;
			};
			name = Debug;
		};
		55FC457023B93229007266CB /* Release */ = {
			isa = XCBuildConfiguration;
			buildSettings = {
				ALWAYS_EMBED_SWIFT_STANDARD_LIBRARIES = YES;
				CODE_SIGN_STYLE = Automatic;
				DEVELOPMENT_TEAM = 6LQRN8C8LK;
				INFOPLIST_FILE = SwiftSampleUITests/Info.plist;
				LD_RUNPATH_SEARCH_PATHS = (
					"$(inherited)",
					"@executable_path/Frameworks",
					"@loader_path/Frameworks",
				);
				PRODUCT_BUNDLE_IDENTIFIER = yoshikyoto.SwiftSampleUITests;
				PRODUCT_NAME = "$(TARGET_NAME)";
				SWIFT_VERSION = 5.0;
				TARGETED_DEVICE_FAMILY = "1,2";
				TEST_TARGET_NAME = SwiftSample;
			};
			name = Release;
		};
/* End XCBuildConfiguration section */

/* Begin XCConfigurationList section */
		55FC453923B9321B007266CB /* Build configuration list for PBXProject "SwiftSample" */ = {
			isa = XCConfigurationList;
			buildConfigurations = (
				55FC456623B93229007266CB /* Debug */,
				55FC456723B93229007266CB /* Release */,
			);
			defaultConfigurationIsVisible = 0;
			defaultConfigurationName = Release;
		};
		55FC456823B93229007266CB /* Build configuration list for PBXNativeTarget "SwiftSample" */ = {
			isa = XCConfigurationList;
			buildConfigurations = (
				55FC456923B93229007266CB /* Debug */,
				55FC456A23B93229007266CB /* Release */,
			);
			defaultConfigurationIsVisible = 0;
			defaultConfigurationName = Release;
		};
		55FC456B23B93229007266CB /* Build configuration list for PBXNativeTarget "SwiftSampleTests" */ = {
			isa = XCConfigurationList;
			buildConfigurations = (
				55FC456C23B93229007266CB /* Debug */,
				55FC456D23B93229007266CB /* Release */,
			);
			defaultConfigurationIsVisible = 0;
			defaultConfigurationName = Release;
		};
		55FC456E23B93229007266CB /* Build configuration list for PBXNativeTarget "SwiftSampleUITests" */ = {
			isa = XCConfigurationList;
			buildConfigurations = (
				55FC456F23B93229007266CB /* Debug */,
				55FC457023B93229007266CB /* Release */,
			);
			defaultConfigurationIsVisible = 0;
			defaultConfigurationName = Release;
		};
/* End XCConfigurationList section */
	};
	rootObject = 55FC453623B9321B007266CB /* Project object */;
}
